
Microsoft Visual Studio Solution File, Format Version 12.00
# Visual Studio Version 16
VisualStudioVersion = 16.0.33027.164
MinimumVisualStudioVersion = 10.0.40219.1
Project("{C9674DCB-5085-4A16-B785-4C70DD1589BD}") = "Integration Services Project3", "Integration Services Project3.dtproj", "{7026E599-2C97-417B-93DC-D2B32F0A72F0}"
EndProject
Global
	GlobalSection(SolutionConfigurationPlatforms) = preSolution
		Development|Default = Development|Default
	EndGlobalSection
	GlobalSection(ProjectConfigurationPlatforms) = postSolution
		{7026E599-2C97-417B-93DC-D2B32F0A72F0}.Development|Default.ActiveCfg = Development
		{7026E599-2C97-417B-93DC-D2B32F0A72F0}.Development|Default.Build.0 = Development
	EndGlobalSection
	GlobalSection(SolutionProperties) = preSolution
		HideSolutionNode = FALSE
	EndGlobalSection
	GlobalSection(ExtensibilityGlobals) = postSolution
		SolutionGuid = {5D3ACB63-E6B3-4F9E-ACEA-7A3CD7757AA8}
	EndGlobalSection
EndGlobal
